
Microsoft Visual Studio Solution File, Format Version 12.00
# Visual Studio Version 17
VisualStudioVersion = 17.4.33213.308
MinimumVisualStudioVersion = 10.0.40219.1
Project("{FAE04EC0-301F-11D3-BF4B-00C04F79EFBC}") = "API", "API\API.csproj", "{4147AC04-55CE-4971-98F2-2DE0B7E62A8F}"
EndProject
Project("{FAE04EC0-301F-11D3-BF4B-00C04F79EFBC}") = "Core", "Core\Core.csproj", "{24F1F4DD-8C83-4681-B58E-0763C211B5A5}"
EndProject
Project("{FAE04EC0-301F-11D3-BF4B-00C04F79EFBC}") = "Infrastructure", "Infrastructura\Infrastructure.csproj", "{6F35A9F7-9501-4118-B6A4-B43477051A26}"
EndProject
Global
	GlobalSection(SolutionConfigurationPlatforms) = preSolution
		Debug|Any CPU = Debug|Any CPU
		Release|Any CPU = Release|Any CPU
	EndGlobalSection
	GlobalSection(ProjectConfigurationPlatforms) = postSolution
		{4147AC04-55CE-4971-98F2-2DE0B7E62A8F}.Debug|Any CPU.ActiveCfg = Debug|Any CPU
		{4147AC04-55CE-4971-98F2-2DE0B7E62A8F}.Debug|Any CPU.Build.0 = Debug|Any CPU
		{4147AC04-55CE-4971-98F2-2DE0B7E62A8F}.Release|Any CPU.ActiveCfg = Release|Any CPU
		{4147AC04-55CE-4971-98F2-2DE0B7E62A8F}.Release|Any CPU.Build.0 = Release|Any CPU
		{24F1F4DD-8C83-4681-B58E-0763C211B5A5}.Debug|Any CPU.ActiveCfg = Debug|Any CPU
		{24F1F4DD-8C83-4681-B58E-0763C211B5A5}.Debug|Any CPU.Build.0 = Debug|Any CPU
		{24F1F4DD-8C83-4681-B58E-0763C211B5A5}.Release|Any CPU.ActiveCfg = Release|Any CPU
		{24F1F4DD-8C83-4681-B58E-0763C211B5A5}.Release|Any CPU.Build.0 = Release|Any CPU
		{6F35A9F7-9501-4118-B6A4-B43477051A26}.Debug|Any CPU.ActiveCfg = Debug|Any CPU
		{6F35A9F7-9501-4118-B6A4-B43477051A26}.Debug|Any CPU.Build.0 = Debug|Any CPU
		{6F35A9F7-9501-4118-B6A4-B43477051A26}.Release|Any CPU.ActiveCfg = Release|Any CPU
		{6F35A9F7-9501-4118-B6A4-B43477051A26}.Release|Any CPU.Build.0 = Release|Any CPU
	EndGlobalSection
	GlobalSection(SolutionProperties) = preSolution
		HideSolutionNode = FALSE
	EndGlobalSection
	GlobalSection(ExtensibilityGlobals) = postSolution
		SolutionGuid = {2AF970FA-98F9-4D1F-9BC1-3840ACC75E73}
	EndGlobalSection
EndGlobal
